
Microsoft Visual Studio Solution File, Format Version 12.00
# Visual Studio Version 16
VisualStudioVersion = 16.0.33529.622
MinimumVisualStudioVersion = 10.0.40219.1
Project("{FAE04EC0-301F-11D3-BF4B-00C04F79EFBC}") = "Lap2part1", "Lap2part1\Lap2part1.csproj", "{7AA77E1A-39FC-40E2-80C5-ACB1743D01DA}"
EndProject
Project("{FAE04EC0-301F-11D3-BF4B-00C04F79EFBC}") = "Lap2part2", "Lap2part2\Lap2part2.csproj", "{2C3CE2E1-638B-4D61-9B83-7DAC45A83971}"
EndProject
Project("{FAE04EC0-301F-11D3-BF4B-00C04F79EFBC}") = "Lap2part3", "Lap2part3\Lap2part3.csproj", "{F153F203-C477-42FE-8E4E-B081B5585D73}"
EndProject
Project("{FAE04EC0-301F-11D3-BF4B-00C04F79EFBC}") = "Lap2part4", "Lap2part4\Lap2part4.csproj", "{E5015D13-2053-45DD-BC3D-3D974F84F810}"
EndProject
Global
	GlobalSection(SolutionConfigurationPlatforms) = preSolution
		Debug|Any CPU = Debug|Any CPU
		Release|Any CPU = Release|Any CPU
	EndGlobalSection
	GlobalSection(ProjectConfigurationPlatforms) = postSolution
		{7AA77E1A-39FC-40E2-80C5-ACB1743D01DA}.Debug|Any CPU.ActiveCfg = Debug|Any CPU
		{7AA77E1A-39FC-40E2-80C5-ACB1743D01DA}.Debug|Any CPU.Build.0 = Debug|Any CPU
		{7AA77E1A-39FC-40E2-80C5-ACB1743D01DA}.Release|Any CPU.ActiveCfg = Release|Any CPU
		{7AA77E1A-39FC-40E2-80C5-ACB1743D01DA}.Release|Any CPU.Build.0 = Release|Any CPU
		{2C3CE2E1-638B-4D61-9B83-7DAC45A83971}.Debug|Any CPU.ActiveCfg = Debug|Any CPU
		{2C3CE2E1-638B-4D61-9B83-7DAC45A83971}.Debug|Any CPU.Build.0 = Debug|Any CPU
		{2C3CE2E1-638B-4D61-9B83-7DAC45A83971}.Release|Any CPU.ActiveCfg = Release|Any CPU
		{2C3CE2E1-638B-4D61-9B83-7DAC45A83971}.Release|Any CPU.Build.0 = Release|Any CPU
		{F153F203-C477-42FE-8E4E-B081B5585D73}.Debug|Any CPU.ActiveCfg = Debug|Any CPU
		{F153F203-C477-42FE-8E4E-B081B5585D73}.Debug|Any CPU.Build.0 = Debug|Any CPU
		{F153F203-C477-42FE-8E4E-B081B5585D73}.Release|Any CPU.ActiveCfg = Release|Any CPU
		{F153F203-C477-42FE-8E4E-B081B5585D73}.Release|Any CPU.Build.0 = Release|Any CPU
		{E5015D13-2053-45DD-BC3D-3D974F84F810}.Debug|Any CPU.ActiveCfg = Debug|Any CPU
		{E5015D13-2053-45DD-BC3D-3D974F84F810}.Debug|Any CPU.Build.0 = Debug|Any CPU
		{E5015D13-2053-45DD-BC3D-3D974F84F810}.Release|Any CPU.ActiveCfg = Release|Any CPU
		{E5015D13-2053-45DD-BC3D-3D974F84F810}.Release|Any CPU.Build.0 = Release|Any CPU
	EndGlobalSection
	GlobalSection(SolutionProperties) = preSolution
		HideSolutionNode = FALSE
	EndGlobalSection
	GlobalSection(ExtensibilityGlobals) = postSolution
		SolutionGuid = {013B6E9B-9049-4BAA-8968-2A6BDC0C68F8}
	EndGlobalSection
EndGlobal
